
Microsoft Visual Studio Solution File, Format Version 12.00
# Visual Studio Version 17
VisualStudioVersion = 17.4.33205.214
MinimumVisualStudioVersion = 10.0.40219.1
Project("{FAE04EC0-301F-11D3-BF4B-00C04F79EFBC}") = "Vshop.Android", "Vshop\Vshop.Android\Vshop.Android.csproj", "{48DFB636-53B1-4EF4-B51A-4BB6F63C2A0A}"
EndProject
Project("{FAE04EC0-301F-11D3-BF4B-00C04F79EFBC}") = "Vshop.iOS", "Vshop\Vshop.iOS\Vshop.iOS.csproj", "{EE4A4B2D-49A6-4A9A-9648-3629FCF993A9}"
EndProject
Project("{FAE04EC0-301F-11D3-BF4B-00C04F79EFBC}") = "Vshop", "Vshop\Vshop\Vshop.csproj", "{904DFA35-0365-4894-92BD-64AFA7A7C3DE}"
EndProject
Global
	GlobalSection(SolutionConfigurationPlatforms) = preSolution
		Debug|Any CPU = Debug|Any CPU
		Debug|iPhone = Debug|iPhone
		Debug|iPhoneSimulator = Debug|iPhoneSimulator
		Release|Any CPU = Release|Any CPU
		Release|iPhone = Release|iPhone
		Release|iPhoneSimulator = Release|iPhoneSimulator
	EndGlobalSection
	GlobalSection(ProjectConfigurationPlatforms) = postSolution
		{48DFB636-53B1-4EF4-B51A-4BB6F63C2A0A}.Debug|Any CPU.ActiveCfg = Debug|Any CPU
		{48DFB636-53B1-4EF4-B51A-4BB6F63C2A0A}.Debug|Any CPU.Build.0 = Debug|Any CPU
		{48DFB636-53B1-4EF4-B51A-4BB6F63C2A0A}.Debug|Any CPU.Deploy.0 = Debug|Any CPU
		{48DFB636-53B1-4EF4-B51A-4BB6F63C2A0A}.Debug|iPhone.ActiveCfg = Debug|Any CPU
		{48DFB636-53B1-4EF4-B51A-4BB6F63C2A0A}.Debug|iPhone.Build.0 = Debug|Any CPU
		{48DFB636-53B1-4EF4-B51A-4BB6F63C2A0A}.Debug|iPhone.Deploy.0 = Debug|Any CPU
		{48DFB636-53B1-4EF4-B51A-4BB6F63C2A0A}.Debug|iPhoneSimulator.ActiveCfg = Debug|Any CPU
		{48DFB636-53B1-4EF4-B51A-4BB6F63C2A0A}.Debug|iPhoneSimulator.Build.0 = Debug|Any CPU
		{48DFB636-53B1-4EF4-B51A-4BB6F63C2A0A}.Debug|iPhoneSimulator.Deploy.0 = Debug|Any CPU
		{48DFB636-53B1-4EF4-B51A-4BB6F63C2A0A}.Release|Any CPU.ActiveCfg = Release|Any CPU
		{48DFB636-53B1-4EF4-B51A-4BB6F63C2A0A}.Release|Any CPU.Build.0 = Release|Any CPU
		{48DFB636-53B1-4EF4-B51A-4BB6F63C2A0A}.Release|Any CPU.Deploy.0 = Release|Any CPU
		{48DFB636-53B1-4EF4-B51A-4BB6F63C2A0A}.Release|iPhone.ActiveCfg = Release|Any CPU
		{48DFB636-53B1-4EF4-B51A-4BB6F63C2A0A}.Release|iPhone.Build.0 = Release|Any CPU
		{48DFB636-53B1-4EF4-B51A-4BB6F63C2A0A}.Release|iPhone.Deploy.0 = Release|Any CPU
		{48DFB636-53B1-4EF4-B51A-4BB6F63C2A0A}.Release|iPhoneSimulator.ActiveCfg = Release|Any CPU
		{48DFB636-53B1-4EF4-B51A-4BB6F63C2A0A}.Release|iPhoneSimulator.Build.0 = Release|Any CPU
		{48DFB636-53B1-4EF4-B51A-4BB6F63C2A0A}.Release|iPhoneSimulator.Deploy.0 = Release|Any CPU
		{EE4A4B2D-49A6-4A9A-9648-3629FCF993A9}.Debug|Any CPU.ActiveCfg = Debug|iPhone
		{EE4A4B2D-49A6-4A9A-9648-3629FCF993A9}.Debug|Any CPU.Build.0 = Debug|iPhone
		{EE4A4B2D-49A6-4A9A-9648-3629FCF993A9}.Debug|Any CPU.Deploy.0 = Debug|iPhone
		{EE4A4B2D-49A6-4A9A-9648-3629FCF993A9}.Debug|iPhone.ActiveCfg = Debug|iPhone
		{EE4A4B2D-49A6-4A9A-9648-3629FCF993A9}.Debug|iPhone.Build.0 = Debug|iPhone
		{EE4A4B2D-49A6-4A9A-9648-3629FCF993A9}.Debug|iPhone.Deploy.0 = Debug|iPhone
		{EE4A4B2D-49A6-4A9A-9648-3629FCF993A9}.Debug|iPhoneSimulator.ActiveCfg = Debug|iPhoneSimulator
		{EE4A4B2D-49A6-4A9A-9648-3629FCF993A9}.Debug|iPhoneSimulator.Build.0 = Debug|iPhoneSimulator
		{EE4A4B2D-49A6-4A9A-9648-3629FCF993A9}.Debug|iPhoneSimulator.Deploy.0 = Debug|iPhoneSimulator
		{EE4A4B2D-49A6-4A9A-9648-3629FCF993A9}.Release|Any CPU.ActiveCfg = Release|iPhoneSimulator
		{EE4A4B2D-49A6-4A9A-9648-3629FCF993A9}.Release|Any CPU.Build.0 = Release|iPhoneSimulator
		{EE4A4B2D-49A6-4A9A-9648-3629FCF993A9}.Release|Any CPU.Deploy.0 = Release|iPhoneSimulator
		{EE4A4B2D-49A6-4A9A-9648-3629FCF993A9}.Release|iPhone.ActiveCfg = Release|iPhone
		{EE4A4B2D-49A6-4A9A-9648-3629FCF993A9}.Release|iPhone.Build.0 = Release|iPhone
		{EE4A4B2D-49A6-4A9A-9648-3629FCF993A9}.Release|iPhone.Deploy.0 = Release|iPhone
		{EE4A4B2D-49A6-4A9A-9648-3629FCF993A9}.Release|iPhoneSimulator.ActiveCfg = Release|iPhoneSimulator
		{EE4A4B2D-49A6-4A9A-9648-3629FCF993A9}.Release|iPhoneSimulator.Build.0 = Release|iPhoneSimulator
		{EE4A4B2D-49A6-4A9A-9648-3629FCF993A9}.Release|iPhoneSimulator.Deploy.0 = Release|iPhoneSimulator
		{904DFA35-0365-4894-92BD-64AFA7A7C3DE}.Debug|Any CPU.ActiveCfg = Debug|Any CPU
		{904DFA35-0365-4894-92BD-64AFA7A7C3DE}.Debug|Any CPU.Build.0 = Debug|Any CPU
		{904DFA35-0365-4894-92BD-64AFA7A7C3DE}.Debug|Any CPU.Deploy.0 = Debug|Any CPU
		{904DFA35-0365-4894-92BD-64AFA7A7C3DE}.Debug|iPhone.ActiveCfg = Debug|Any CPU
		{904DFA35-0365-4894-92BD-64AFA7A7C3DE}.Debug|iPhone.Build.0 = Debug|Any CPU
		{904DFA35-0365-4894-92BD-64AFA7A7C3DE}.Debug|iPhone.Deploy.0 = Debug|Any CPU
		{904DFA35-0365-4894-92BD-64AFA7A7C3DE}.Debug|iPhoneSimulator.ActiveCfg = Debug|Any CPU
		{904DFA35-0365-4894-92BD-64AFA7A7C3DE}.Debug|iPhoneSimulator.Build.0 = Debug|Any CPU
		{904DFA35-0365-4894-92BD-64AFA7A7C3DE}.Debug|iPhoneSimulator.Deploy.0 = Debug|Any CPU
		{904DFA35-0365-4894-92BD-64AFA7A7C3DE}.Release|Any CPU.ActiveCfg = Release|Any CPU
		{904DFA35-0365-4894-92BD-64AFA7A7C3DE}.Release|Any CPU.Build.0 = Release|Any CPU
		{904DFA35-0365-4894-92BD-64AFA7A7C3DE}.Release|Any CPU.Deploy.0 = Release|Any CPU
		{904DFA35-0365-4894-92BD-64AFA7A7C3DE}.Release|iPhone.ActiveCfg = Release|Any CPU
		{904DFA35-0365-4894-92BD-64AFA7A7C3DE}.Release|iPhone.Build.0 = Release|Any CPU
		{904DFA35-0365-4894-92BD-64AFA7A7C3DE}.Release|iPhone.Deploy.0 = Release|Any CPU
		{904DFA35-0365-4894-92BD-64AFA7A7C3DE}.Release|iPhoneSimulator.ActiveCfg = Release|Any CPU
		{904DFA35-0365-4894-92BD-64AFA7A7C3DE}.Release|iPhoneSimulator.Build.0 = Release|Any CPU
		{904DFA35-0365-4894-92BD-64AFA7A7C3DE}.Release|iPhoneSimulator.Deploy.0 = Release|Any CPU
	EndGlobalSection
	GlobalSection(SolutionProperties) = preSolution
		HideSolutionNode = FALSE
	EndGlobalSection
	GlobalSection(ExtensibilityGlobals) = postSolution
		SolutionGuid = {E0A43FD9-02E3-4949-8010-C7B50A1DF4EF}
	EndGlobalSection
EndGlobal
